{
  "version": 1,
  "dependencies": {
    "net8.0": {
      "Microsoft.Extensions.AI.Abstractions": {
        "type": "Transitive",
        "resolved": "10.4.1",
        "contentHash": "ZxhU/wg9BOc3ohibhLl18toPLWm96ysQoE+3OhCgrZ0TUPZd7bsUmGteeatz08yweyuPIEhtyUzEZTF+3bMWEQ==",
        "dependencies": {
          "System.Text.Json": "10.0.4"
        }
      },
      "Microsoft.Extensions.Configuration.Abstractions": {
        "type": "Transitive",
        "resolved": "10.0.6",
        "contentHash": "a7bA7IT3ngIgcOMb/2MVH5CcfSxUCeQ6QXWS1Vt6oFpzLTH3U1+J2Xtc64Uw3whX9akYG8eR/UQeEzxo64zZLg==",
        "dependencies": {
          "Microsoft.Extensions.Primitives": "10.0.6"
        }
      },
      "Microsoft.Extensions.DependencyInjection.Abstractions": {
        "type": "Transitive",
        "resolved": "10.0.6",
        "contentHash": "w+dX4SIr1X9yegX2yX2dU1XtP4JAUVNdvOG/Evn+H+ndn96YzfIPX52FALXChrRNWFR9l77FQyg1mB7WQo6iOA=="
      },
      "Microsoft.Extensions.Logging.Abstractions": {
        "type": "Transitive",
        "resolved": "10.0.6",
        "contentHash": "1YgBO3wAy0dlpQyVTKWBSPND/t0yZHsvd3shGpbeEwH8JSb2hnFI2pNFrOOUi/stsp+T/dqwqmRIGh47ibo9bw==",
        "dependencies": {
          "Microsoft.Extensions.DependencyInjection.Abstractions": "10.0.6",
          "System.Diagnostics.DiagnosticSource": "10.0.6"
        }
      },
      "Microsoft.Extensions.Primitives": {
        "type": "Transitive",
        "resolved": "10.0.6",
        "contentHash": "L8P21mqaG+CXvPheLndean/cHCOcItJqH8nx+0YQnK7wAiOR0G1IOC418ZSzTMD2D6Gmo0f2M5WR70XtpX2B8g=="
      },
      "ModelContextProtocol.Core": {
        "type": "Transitive",
        "resolved": "1.2.0",
        "contentHash": "x0eQqFKtV30nWP6yVy0d/3RnAKwM14ay1CHnUNb7EpwZEXJJJqjPENYvpzwqi8+8LNMMK/g33WnnLYIf1JGMOg==",
        "dependencies": {
          "Microsoft.Extensions.AI.Abstractions": "10.4.1",
          "Microsoft.Extensions.Logging.Abstractions": "10.0.5",
          "System.IO.Pipelines": "10.0.5",
          "System.Net.ServerSentEvents": "10.0.5"
        }
      },
      "System.Diagnostics.DiagnosticSource": {
        "type": "Transitive",
        "resolved": "10.0.6",
        "contentHash": "v/YvmOpq+lv50oxxIDSvZlgiFD2m38DogHTE4MToMEGf6HtgBAmy8gB7Oq0C2pBt+6/bLvUnzLxubWFcvfzTsQ=="
      },
      "System.IO.Pipelines": {
        "type": "Transitive",
        "resolved": "10.0.6",
        "contentHash": "98dV8iAMdOzlB7iZ8OOJ3Wj/LNMV+x2c0DCM4EyFEz/kEVmB1+49HwnocY703amF2BguoZZXk4t3lPSfbcHOgA=="
      },
      "System.Net.ServerSentEvents": {
        "type": "Transitive",
        "resolved": "10.0.5",
        "contentHash": "UoULUVbDR5hoCPiC5j+DPPKS3sWQ72DFTrQ5yw+wCxLUO9tsJ9mfGRnnPo5rG8gsROgH5t6rCnTtp7GN3bSGmw=="
      },
      "System.Text.Encodings.Web": {
        "type": "Transitive",
        "resolved": "10.0.6",
        "contentHash": "o7zWD39jHesxpHyMSWAf+CjM+NaEIV49IJ8tasAsnaVkRcLP33+5aobgxeKLJRLQQfeciO7BbW5vXCUMzPoU6w=="
      },
      "System.Text.Json": {
        "type": "Transitive",
        "resolved": "10.0.6",
        "contentHash": "eU/JSsGWpQPE+rkBJjFjsmtaPsu1kCLqFYeW3NS715+z/dP2/BsCl6R7BFGcjhg+rm5WHblllC3p7QS+sS3HtA==",
        "dependencies": {
          "System.IO.Pipelines": "10.0.6",
          "System.Text.Encodings.Web": "10.0.6"
        }
      },
      "mcp.benchmark.core": {
        "type": "Project",
        "dependencies": {
          "Microsoft.Extensions.Configuration.Abstractions": "[10.0.6, )",
          "Microsoft.Extensions.DependencyInjection.Abstractions": "[10.0.6, )",
          "Microsoft.Extensions.Logging.Abstractions": "[10.0.6, )",
          "ModelContextProtocol.Core": "[1.2.0, )",
          "System.Text.Json": "[10.0.6, )"
        }
      }
    }
  }
}