{
  "version": 1,
  "dependencies": {
    "net8.0": {
      "JsonSchema.Net": {
        "type": "Direct",
        "requested": "[9.2.1, )",
        "resolved": "9.2.1",
        "contentHash": "jBBi3JG6+6/QLQvq6V0oLdrJKL08hEPKp8BScCNzI8X4ana87bgPwTDPDnAlDxWi4UuQuhahMKjbINaZgmuDWw==",
        "dependencies": {
          "JsonPointer.Net": "7.0.1"
        }
      },
      "Microsoft.Extensions.Configuration": {
        "type": "Direct",
        "requested": "[10.0.8, )",
        "resolved": "10.0.8",
        "contentHash": "ehZcoPbjzWzS4XFvuz7R3V55SmpdkyMqFURLH3yXaN9NtXd9tR6CGB7pd49HYtCkenl+G7ctXSFLhNI08xLfRg==",
        "dependencies": {
          "Microsoft.Extensions.Configuration.Abstractions": "10.0.8",
          "Microsoft.Extensions.Primitives": "10.0.8"
        }
      },
      "Microsoft.Extensions.DependencyInjection": {
        "type": "Direct",
        "requested": "[10.0.8, )",
        "resolved": "10.0.8",
        "contentHash": "daf62xHIrq8pnE709hgaZZN9tSam9TGGepWe1+bE6V3GEuVwJiMs6ib+38lfMCyAJAHiX0vapxBhsuMSV7U+cg==",
        "dependencies": {
          "Microsoft.Extensions.DependencyInjection.Abstractions": "10.0.8"
        }
      },
      "Microsoft.Extensions.Logging": {
        "type": "Direct",
        "requested": "[10.0.8, )",
        "resolved": "10.0.8",
        "contentHash": "K60JhWC2hN/Gi7TP68tBxSzk5ACWOs7lkmPzsfA8Bcf/IXTajujt2ORMf9rSMk1bsng6Lv4Y3fuxp3bm1+15ug==",
        "dependencies": {
          "Microsoft.Extensions.DependencyInjection": "10.0.8",
          "Microsoft.Extensions.Logging.Abstractions": "10.0.8",
          "Microsoft.Extensions.Options": "10.0.8"
        }
      },
      "Microsoft.Extensions.Options.ConfigurationExtensions": {
        "type": "Direct",
        "requested": "[10.0.8, )",
        "resolved": "10.0.8",
        "contentHash": "VOapXeO3lhBH0zYoyAH7tjapuo4V5pTHlevPpiSHueEquAajqd5nF0mttm+h/uE/exwAEuM5s26SzOJtletE3w==",
        "dependencies": {
          "Microsoft.Extensions.Configuration.Abstractions": "10.0.8",
          "Microsoft.Extensions.Configuration.Binder": "10.0.8",
          "Microsoft.Extensions.DependencyInjection.Abstractions": "10.0.8",
          "Microsoft.Extensions.Options": "10.0.8",
          "Microsoft.Extensions.Primitives": "10.0.8"
        }
      },
      "Microsoft.Identity.Client": {
        "type": "Direct",
        "requested": "[4.84.2, )",
        "resolved": "4.84.2",
        "contentHash": "Va9FjmABSgj/lcUfHH0pBNQkmS7SNyepz2ERV7Yynp6QgEYpFdSqR6Vzy1WWipN8GS5pBHuXoZbqaDWuARCrHQ==",
        "dependencies": {
          "Microsoft.IdentityModel.Abstractions": "8.14.0",
          "System.Diagnostics.DiagnosticSource": "6.0.1"
        }
      },
      "ModelContextProtocol": {
        "type": "Direct",
        "requested": "[1.4.0, )",
        "resolved": "1.4.0",
        "contentHash": "CAmnAMQIMax2t9naUgyDAkVBj329EhQCiHcbfirMFNgP6ShQ8hJdJb0OLoaBpeGjkunH3IOjRXLdwXGKKwMlLA==",
        "dependencies": {
          "Microsoft.Extensions.Caching.Abstractions": "10.0.7",
          "Microsoft.Extensions.Hosting.Abstractions": "10.0.7",
          "ModelContextProtocol.Core": "1.4.0"
        }
      },
      "Humanizer.Core": {
        "type": "Transitive",
        "resolved": "2.14.1",
        "contentHash": "lQKvtaTDOXnoVJ20ibTuSIOf2i0uO0MPbDhd1jm238I+U/2ZnRENj0cktKZhtchBMtCUSRQ5v4xBCUbKNmyVMw=="
      },
      "Json.More.Net": {
        "type": "Transitive",
        "resolved": "3.0.1",
        "contentHash": "fRctF2J2SILYG6wqP21drmeEODmCVkVQ/b3MndDu2fT1swfySyUgq7ePCk+aENGlDcIm05fyfjh9vcuqDEfv3w=="
      },
      "JsonPointer.Net": {
        "type": "Transitive",
        "resolved": "7.0.1",
        "contentHash": "5C497yxfktYFsqxKG+GUQPsMvBqIjzLkqtDEdMGsnBpl3/OB8DOvTo7LEyRX7AVc1kVVj0IX5zhmLrlbvAYEnw==",
        "dependencies": {
          "Humanizer.Core": "2.14.1",
          "Json.More.Net": "3.0.1"
        }
      },
      "Microsoft.Extensions.AI.Abstractions": {
        "type": "Transitive",
        "resolved": "10.5.2",
        "contentHash": "Ei+YWV9Ybnps7pR1dgjlG29gelXEwZkhLVAcWmKe6HvXS6LNBYgSdWiY3Hk9OZXYtK34rv/NtLWBQYQGOBQYPQ==",
        "dependencies": {
          "System.Text.Json": "10.0.6"
        }
      },
      "Microsoft.Extensions.Caching.Abstractions": {
        "type": "Transitive",
        "resolved": "10.0.7",
        "contentHash": "pUDgQKEqNUFlerDIFRg7zzoDVRPEWIG7nR40h8Gzg8RXza4Ry0lWZ7u91bmwu3iUDCxw3Dv6TLHVFoAgY0gy7Q==",
        "dependencies": {
          "Microsoft.Extensions.Primitives": "10.0.7"
        }
      },
      "Microsoft.Extensions.Configuration.Abstractions": {
        "type": "Transitive",
        "resolved": "10.0.8",
        "contentHash": "I63esIFbL3h5pSt7gXpXOlmcwDmYBUoYNEglKfDPFUqtYvSV84f2l28hO2lfVXsV0wdlplgAM7IVz16matapSg==",
        "dependencies": {
          "Microsoft.Extensions.Primitives": "10.0.8"
        }
      },
      "Microsoft.Extensions.Configuration.Binder": {
        "type": "Transitive",
        "resolved": "10.0.8",
        "contentHash": "R3NN1X+kVu14uoxLEW6sBSQyhogDSbaOQzILnCtuXxBN4hx22AgjWPwZX6v/suERFkEDgU1lk12AglHTrUxhlw==",
        "dependencies": {
          "Microsoft.Extensions.Configuration": "10.0.8",
          "Microsoft.Extensions.Configuration.Abstractions": "10.0.8"
        }
      },
      "Microsoft.Extensions.DependencyInjection.Abstractions": {
        "type": "Transitive",
        "resolved": "10.0.8",
        "contentHash": "21nbDV60SRPWGIivsyl6lqBeEJNG1sginhhfWgRrr3Ais7aQ12To25OAHQxgoiJkjqy1aQ6RxpZBGYuTi7Ge6A=="
      },
      "Microsoft.Extensions.Diagnostics.Abstractions": {
        "type": "Transitive",
        "resolved": "10.0.7",
        "contentHash": "uJ9JP677y+uy+C0vtaSfi7XXgFAdz8DhU3M9lwwIXDfQKcyQ0yxM9DVYa0NXDtdVTYA2eBUtVFZ8LY0GCdeE/w==",
        "dependencies": {
          "Microsoft.Extensions.DependencyInjection.Abstractions": "10.0.7",
          "Microsoft.Extensions.Options": "10.0.7",
          "System.Diagnostics.DiagnosticSource": "10.0.7"
        }
      },
      "Microsoft.Extensions.FileProviders.Abstractions": {
        "type": "Transitive",
        "resolved": "10.0.7",
        "contentHash": "teioDgVpi8L186wUfrXQV1YuBt6lCSPmFZiMZo53+FZxHFjOV+f4GXo4LXgJ273Mku9//AdXWVjk9J7eJP6inw==",
        "dependencies": {
          "Microsoft.Extensions.Primitives": "10.0.7"
        }
      },
      "Microsoft.Extensions.Hosting.Abstractions": {
        "type": "Transitive",
        "resolved": "10.0.7",
        "contentHash": "5s8d6qC6EA8UOI4wR/+zlsq7SXttJMRb9d7zvVZ7+bE3CQEfVtC9ITUDCommm87R1zzj6WJBbCnztuIJXnP3DA==",
        "dependencies": {
          "Microsoft.Extensions.Configuration.Abstractions": "10.0.7",
          "Microsoft.Extensions.DependencyInjection.Abstractions": "10.0.7",
          "Microsoft.Extensions.Diagnostics.Abstractions": "10.0.7",
          "Microsoft.Extensions.FileProviders.Abstractions": "10.0.7",
          "Microsoft.Extensions.Logging.Abstractions": "10.0.7"
        }
      },
      "Microsoft.Extensions.Logging.Abstractions": {
        "type": "Transitive",
        "resolved": "10.0.8",
        "contentHash": "fdVadZmsC8jRP0KvKy8mO8f6GV/HyBvElfcSxEhd+5FM5boAw/01iSaCto5G3G37ApJira4A3pNaVvBv8cUiLQ==",
        "dependencies": {
          "Microsoft.Extensions.DependencyInjection.Abstractions": "10.0.8",
          "System.Diagnostics.DiagnosticSource": "10.0.8"
        }
      },
      "Microsoft.Extensions.Options": {
        "type": "Transitive",
        "resolved": "10.0.8",
        "contentHash": "VBD+131DpTNCNDfA4kIyKTiCySvJGNhwibdWBSdFRu7GMfXLXcXODkgA+KStKbbhzraLglZWUN4nXyHgW4JIRA==",
        "dependencies": {
          "Microsoft.Extensions.DependencyInjection.Abstractions": "10.0.8",
          "Microsoft.Extensions.Primitives": "10.0.8"
        }
      },
      "Microsoft.Extensions.Primitives": {
        "type": "Transitive",
        "resolved": "10.0.8",
        "contentHash": "OBPo4nYhMyIbtueoC10CBm6AGAbo/A9IV8QQ/6ryZS7VvmqpGT7hunazeHLxFawRzn3oLOq4jhqhpBX4tfswWQ=="
      },
      "Microsoft.IdentityModel.Abstractions": {
        "type": "Transitive",
        "resolved": "8.14.0",
        "contentHash": "iwbCpSjD3ehfTwBhtSNEtKPK0ICun6ov7Ibx6ISNA9bfwIyzI2Siwyi9eJFCJBwxowK9xcA1mj+jBWiigeqgcQ=="
      },
      "ModelContextProtocol.Core": {
        "type": "Transitive",
        "resolved": "1.4.0",
        "contentHash": "6ZJFQTgYwdu0IacUUTNExAY2Z+JFuTd10CPeORalQtuGPY4hdUqq0BXxTpNEP0n7ajruNsGXyCKQLP0erIZmog==",
        "dependencies": {
          "Microsoft.Extensions.AI.Abstractions": "10.5.2",
          "Microsoft.Extensions.Logging.Abstractions": "10.0.7",
          "System.IO.Pipelines": "10.0.7",
          "System.Net.ServerSentEvents": "10.0.7"
        }
      },
      "System.Diagnostics.DiagnosticSource": {
        "type": "Transitive",
        "resolved": "10.0.8",
        "contentHash": "rQHsK7Xr8Uz3449860ayVXp/CaLmrhHlMPxbpT/ibOPtp/dTTsr6+f/SxaGO2NzxHf+0siLE0UfdVN5z1I0EgQ=="
      },
      "System.IO.Pipelines": {
        "type": "Transitive",
        "resolved": "10.0.8",
        "contentHash": "STVNTIVd+UrYvSo31D2tOOTs19IThdjGDN14FS3/NZb4PWsVakAg/VT4sq+JYWGP/GtazzvXwebWL6LPBAwnFQ=="
      },
      "System.Net.ServerSentEvents": {
        "type": "Transitive",
        "resolved": "10.0.7",
        "contentHash": "e06Z0ebrVhLOPZjqkJ3FkhGEobJu7T7WEIZPNtZW2Vr8eULbxwZg64i4SYeCVcaCdHLST/G4DOGnYp9QcIzzKA=="
      },
      "System.Text.Encodings.Web": {
        "type": "Transitive",
        "resolved": "10.0.8",
        "contentHash": "HvFIJXM/CMTRu6PBQmjukQZ/O32Vx5fOEYZs0kq0OD5s9vJQ19KHLWCVmnfh3gNC7pbYomm06tzOTgJBflr/nQ=="
      },
      "System.Text.Json": {
        "type": "Transitive",
        "resolved": "10.0.8",
        "contentHash": "/fysUDkD7oFGaRPoA7IaFs0wRoO3GlwlCNq2P+xWZqxLy1R4cktRSKfMjJDy9ymS4grL7IDVdt8de8L9a0z55Q==",
        "dependencies": {
          "System.IO.Pipelines": "10.0.8",
          "System.Text.Encodings.Web": "10.0.8"
        }
      },
      "mcp.benchmark.core": {
        "type": "Project",
        "dependencies": {
          "Microsoft.Extensions.Configuration.Abstractions": "[10.0.8, )",
          "Microsoft.Extensions.DependencyInjection.Abstractions": "[10.0.8, )",
          "Microsoft.Extensions.Logging.Abstractions": "[10.0.8, )",
          "ModelContextProtocol.Core": "[1.4.0, )",
          "System.Text.Json": "[10.0.8, )"
        }
      },
      "mcp.compliance.spec": {
        "type": "Project"
      }
    }
  }
}